
Microsoft Visual Studio Solution File, Format Version 12.00
# Visual Studio Version 17
VisualStudioVersion = 17.10.35122.118
MinimumVisualStudioVersion = 10.0.40219.1
Project("{9A19103F-16F7-4668-BE54-9A1E7A4F7556}") = "Deve.Common", "Common\Deve.Common.csproj", "{12D3177A-D3C8-46B0-84E5-189A9BD15221}"
EndProject
Project("{9A19103F-16F7-4668-BE54-9A1E7A4F7556}") = "Deve.DataSource", "DataSource\Deve.DataSource.csproj", "{00F0952A-1DE9-4695-A629-47FEF8EA66FE}"
EndProject
Project("{9A19103F-16F7-4668-BE54-9A1E7A4F7556}") = "Deve.External.Sdk", "External\Sdk\Deve.External.Sdk.csproj", "{4880FB5D-8B7F-4A5C-8E40-56743BDDE5D5}"
EndProject
Project("{9A19103F-16F7-4668-BE54-9A1E7A4F7556}") = "Deve.External.Common", "External\Common\Deve.External.Common.csproj", "{AB5E9A3E-D35C-400C-9CD1-FA0FB304F2AD}"
EndProject
Project("{9A19103F-16F7-4668-BE54-9A1E7A4F7556}") = "Deve.Common.Sdk", "Common.Sdk\Deve.Common.Sdk.csproj", "{84CF5C60-B386-4643-AA2C-3D8FC7474666}"
EndProject
Global
	GlobalSection(SolutionConfigurationPlatforms) = preSolution
		Debug|Any CPU = Debug|Any CPU
		Release|Any CPU = Release|Any CPU
	EndGlobalSection
	GlobalSection(ProjectConfigurationPlatforms) = postSolution
		{12D3177A-D3C8-46B0-84E5-189A9BD15221}.Debug|Any CPU.ActiveCfg = Debug|Any CPU
		{12D3177A-D3C8-46B0-84E5-189A9BD15221}.Debug|Any CPU.Build.0 = Debug|Any CPU
		{12D3177A-D3C8-46B0-84E5-189A9BD15221}.Release|Any CPU.ActiveCfg = Release|Any CPU
		{12D3177A-D3C8-46B0-84E5-189A9BD15221}.Release|Any CPU.Build.0 = Release|Any CPU
		{00F0952A-1DE9-4695-A629-47FEF8EA66FE}.Debug|Any CPU.ActiveCfg = Debug|Any CPU
		{00F0952A-1DE9-4695-A629-47FEF8EA66FE}.Debug|Any CPU.Build.0 = Debug|Any CPU
		{00F0952A-1DE9-4695-A629-47FEF8EA66FE}.Release|Any CPU.ActiveCfg = Release|Any CPU
		{00F0952A-1DE9-4695-A629-47FEF8EA66FE}.Release|Any CPU.Build.0 = Release|Any CPU
		{4880FB5D-8B7F-4A5C-8E40-56743BDDE5D5}.Debug|Any CPU.ActiveCfg = Debug|Any CPU
		{4880FB5D-8B7F-4A5C-8E40-56743BDDE5D5}.Debug|Any CPU.Build.0 = Debug|Any CPU
		{4880FB5D-8B7F-4A5C-8E40-56743BDDE5D5}.Release|Any CPU.ActiveCfg = Release|Any CPU
		{4880FB5D-8B7F-4A5C-8E40-56743BDDE5D5}.Release|Any CPU.Build.0 = Release|Any CPU
		{AB5E9A3E-D35C-400C-9CD1-FA0FB304F2AD}.Debug|Any CPU.ActiveCfg = Debug|Any CPU
		{AB5E9A3E-D35C-400C-9CD1-FA0FB304F2AD}.Debug|Any CPU.Build.0 = Debug|Any CPU
		{AB5E9A3E-D35C-400C-9CD1-FA0FB304F2AD}.Release|Any CPU.ActiveCfg = Release|Any CPU
		{AB5E9A3E-D35C-400C-9CD1-FA0FB304F2AD}.Release|Any CPU.Build.0 = Release|Any CPU
		{84CF5C60-B386-4643-AA2C-3D8FC7474666}.Debug|Any CPU.ActiveCfg = Debug|Any CPU
		{84CF5C60-B386-4643-AA2C-3D8FC7474666}.Debug|Any CPU.Build.0 = Debug|Any CPU
		{84CF5C60-B386-4643-AA2C-3D8FC7474666}.Release|Any CPU.ActiveCfg = Release|Any CPU
		{84CF5C60-B386-4643-AA2C-3D8FC7474666}.Release|Any CPU.Build.0 = Release|Any CPU
	EndGlobalSection
	GlobalSection(SolutionProperties) = preSolution
		HideSolutionNode = FALSE
	EndGlobalSection
	GlobalSection(ExtensibilityGlobals) = postSolution
		SolutionGuid = {C8157CD2-E584-4372-9A7B-B73C837733A5}
	EndGlobalSection
EndGlobal
