
Microsoft Visual Studio Solution File, Format Version 12.00
# Visual Studio Version 17
VisualStudioVersion = 17.10.35122.118
MinimumVisualStudioVersion = 10.0.40219.1
Project("{9A19103F-16F7-4668-BE54-9A1E7A4F7556}") = "Deve.External.Api", "External\Api\Deve.External.Api.csproj", "{35E77C73-2772-4249-993C-367EA5DCF800}"
EndProject
Project("{9A19103F-16F7-4668-BE54-9A1E7A4F7556}") = "Deve.Common", "Common\Deve.Common.csproj", "{12D3177A-D3C8-46B0-84E5-189A9BD15221}"
EndProject
Project("{9A19103F-16F7-4668-BE54-9A1E7A4F7556}") = "Deve.DataSource", "DataSource\Deve.DataSource.csproj", "{00F0952A-1DE9-4695-A629-47FEF8EA66FE}"
EndProject
Project("{9A19103F-16F7-4668-BE54-9A1E7A4F7556}") = "Deve.External.Common", "External\Common\Deve.External.Common.csproj", "{AB5E9A3E-D35C-400C-9CD1-FA0FB304F2AD}"
EndProject
Project("{9A19103F-16F7-4668-BE54-9A1E7A4F7556}") = "Deve.Core", "Core\Deve.Core.csproj", "{7E63D1D6-18D6-45D6-8224-38DE4A4D0D4A}"
EndProject
Project("{9A19103F-16F7-4668-BE54-9A1E7A4F7556}") = "Deve.Auth", "Auth\Deve.Auth.csproj", "{51BAFABE-5B1A-4690-808D-3A53314D90A9}"
EndProject
Project("{9A19103F-16F7-4668-BE54-9A1E7A4F7556}") = "Deve.Internal.Common", "Internal\Common\Deve.Internal.Common.csproj", "{ADB4A78C-F813-4FC5-89B7-555A69225EA6}"
EndProject
Project("{9A19103F-16F7-4668-BE54-9A1E7A4F7556}") = "Deve.Common.Api", "Common.Api\Deve.Common.Api.csproj", "{D976A1BB-9539-49F1-A9E9-442B5E66CB3F}"
EndProject
Project("{FAE04EC0-301F-11D3-BF4B-00C04F79EFBC}") = "Deve.Auth.Jwt", "Extra\Auth.Jwt\Deve.Auth.Jwt.csproj", "{C9166E95-B78C-4F41-A1BE-5AFDFBB7E05F}"
EndProject
Project("{FAE04EC0-301F-11D3-BF4B-00C04F79EFBC}") = "Deve.Log.NetCore", "Extra\Log.NetCore\Deve.Log.NetCore.csproj", "{A3D0BBE9-3352-4FA0-A20B-E3904B0C72AD}"
EndProject
Project("{2150E333-8FDC-42A3-9474-1A3956D46DE8}") = "Extra", "Extra", "{FD9AF37C-3C0E-43AF-B6D5-37D188A516C5}"
EndProject
Global
	GlobalSection(SolutionConfigurationPlatforms) = preSolution
		Debug|Any CPU = Debug|Any CPU
		Release|Any CPU = Release|Any CPU
	EndGlobalSection
	GlobalSection(ProjectConfigurationPlatforms) = postSolution
		{12D3177A-D3C8-46B0-84E5-189A9BD15221}.Debug|Any CPU.ActiveCfg = Debug|Any CPU
		{12D3177A-D3C8-46B0-84E5-189A9BD15221}.Debug|Any CPU.Build.0 = Debug|Any CPU
		{12D3177A-D3C8-46B0-84E5-189A9BD15221}.Release|Any CPU.ActiveCfg = Release|Any CPU
		{12D3177A-D3C8-46B0-84E5-189A9BD15221}.Release|Any CPU.Build.0 = Release|Any CPU
		{00F0952A-1DE9-4695-A629-47FEF8EA66FE}.Debug|Any CPU.ActiveCfg = Debug|Any CPU
		{00F0952A-1DE9-4695-A629-47FEF8EA66FE}.Debug|Any CPU.Build.0 = Debug|Any CPU
		{00F0952A-1DE9-4695-A629-47FEF8EA66FE}.Release|Any CPU.ActiveCfg = Release|Any CPU
		{00F0952A-1DE9-4695-A629-47FEF8EA66FE}.Release|Any CPU.Build.0 = Release|Any CPU
		{AB5E9A3E-D35C-400C-9CD1-FA0FB304F2AD}.Debug|Any CPU.ActiveCfg = Debug|Any CPU
		{AB5E9A3E-D35C-400C-9CD1-FA0FB304F2AD}.Debug|Any CPU.Build.0 = Debug|Any CPU
		{AB5E9A3E-D35C-400C-9CD1-FA0FB304F2AD}.Release|Any CPU.ActiveCfg = Release|Any CPU
		{AB5E9A3E-D35C-400C-9CD1-FA0FB304F2AD}.Release|Any CPU.Build.0 = Release|Any CPU
		{35E77C73-2772-4249-993C-367EA5DCF800}.Debug|Any CPU.ActiveCfg = Debug|Any CPU
		{35E77C73-2772-4249-993C-367EA5DCF800}.Debug|Any CPU.Build.0 = Debug|Any CPU
		{35E77C73-2772-4249-993C-367EA5DCF800}.Release|Any CPU.ActiveCfg = Release|Any CPU
		{35E77C73-2772-4249-993C-367EA5DCF800}.Release|Any CPU.Build.0 = Release|Any CPU
		{7E63D1D6-18D6-45D6-8224-38DE4A4D0D4A}.Debug|Any CPU.ActiveCfg = Debug|Any CPU
		{7E63D1D6-18D6-45D6-8224-38DE4A4D0D4A}.Debug|Any CPU.Build.0 = Debug|Any CPU
		{7E63D1D6-18D6-45D6-8224-38DE4A4D0D4A}.Release|Any CPU.ActiveCfg = Release|Any CPU
		{7E63D1D6-18D6-45D6-8224-38DE4A4D0D4A}.Release|Any CPU.Build.0 = Release|Any CPU
		{51BAFABE-5B1A-4690-808D-3A53314D90A9}.Debug|Any CPU.ActiveCfg = Debug|Any CPU
		{51BAFABE-5B1A-4690-808D-3A53314D90A9}.Debug|Any CPU.Build.0 = Debug|Any CPU
		{51BAFABE-5B1A-4690-808D-3A53314D90A9}.Release|Any CPU.ActiveCfg = Release|Any CPU
		{51BAFABE-5B1A-4690-808D-3A53314D90A9}.Release|Any CPU.Build.0 = Release|Any CPU
		{ADB4A78C-F813-4FC5-89B7-555A69225EA6}.Debug|Any CPU.ActiveCfg = Debug|Any CPU
		{ADB4A78C-F813-4FC5-89B7-555A69225EA6}.Debug|Any CPU.Build.0 = Debug|Any CPU
		{ADB4A78C-F813-4FC5-89B7-555A69225EA6}.Release|Any CPU.ActiveCfg = Release|Any CPU
		{ADB4A78C-F813-4FC5-89B7-555A69225EA6}.Release|Any CPU.Build.0 = Release|Any CPU
		{D976A1BB-9539-49F1-A9E9-442B5E66CB3F}.Debug|Any CPU.ActiveCfg = Debug|Any CPU
		{D976A1BB-9539-49F1-A9E9-442B5E66CB3F}.Debug|Any CPU.Build.0 = Debug|Any CPU
		{D976A1BB-9539-49F1-A9E9-442B5E66CB3F}.Release|Any CPU.ActiveCfg = Release|Any CPU
		{D976A1BB-9539-49F1-A9E9-442B5E66CB3F}.Release|Any CPU.Build.0 = Release|Any CPU
		{C9166E95-B78C-4F41-A1BE-5AFDFBB7E05F}.Debug|Any CPU.ActiveCfg = Debug|Any CPU
		{C9166E95-B78C-4F41-A1BE-5AFDFBB7E05F}.Debug|Any CPU.Build.0 = Debug|Any CPU
		{C9166E95-B78C-4F41-A1BE-5AFDFBB7E05F}.Release|Any CPU.ActiveCfg = Release|Any CPU
		{C9166E95-B78C-4F41-A1BE-5AFDFBB7E05F}.Release|Any CPU.Build.0 = Release|Any CPU
		{A3D0BBE9-3352-4FA0-A20B-E3904B0C72AD}.Debug|Any CPU.ActiveCfg = Debug|Any CPU
		{A3D0BBE9-3352-4FA0-A20B-E3904B0C72AD}.Debug|Any CPU.Build.0 = Debug|Any CPU
		{A3D0BBE9-3352-4FA0-A20B-E3904B0C72AD}.Release|Any CPU.ActiveCfg = Release|Any CPU
		{A3D0BBE9-3352-4FA0-A20B-E3904B0C72AD}.Release|Any CPU.Build.0 = Release|Any CPU
	EndGlobalSection
	GlobalSection(SolutionProperties) = preSolution
		HideSolutionNode = FALSE
	EndGlobalSection
	GlobalSection(NestedProjects) = preSolution
		{C9166E95-B78C-4F41-A1BE-5AFDFBB7E05F} = {FD9AF37C-3C0E-43AF-B6D5-37D188A516C5}
		{A3D0BBE9-3352-4FA0-A20B-E3904B0C72AD} = {FD9AF37C-3C0E-43AF-B6D5-37D188A516C5}
	EndGlobalSection
	GlobalSection(ExtensibilityGlobals) = postSolution
		SolutionGuid = {C8157CD2-E584-4372-9A7B-B73C837733A5}
	EndGlobalSection
EndGlobal
