
Microsoft Visual Studio Solution File, Format Version 12.00
# Visual Studio Version 18
VisualStudioVersion = 18.0.11222.15
MinimumVisualStudioVersion = 10.0.40219.1
Project("{FAE04EC0-301F-11D3-BF4B-00C04F79EFBC}") = "Deve.Clients.Wpf", "Clients\Wpf\Deve.Clients.Wpf.csproj", "{005918EB-14E6-4729-91CE-16A3F3270587}"
EndProject
Project("{9A19103F-16F7-4668-BE54-9A1E7A4F7556}") = "Deve.Common", "Common\Deve.Common.csproj", "{12D3177A-D3C8-46B0-84E5-189A9BD15221}"
EndProject
Project("{9A19103F-16F7-4668-BE54-9A1E7A4F7556}") = "Deve.Auth", "Auth\Deve.Auth.csproj", "{C15059AD-D964-4329-9CDC-B8DED4C07D61}"
EndProject
Project("{9A19103F-16F7-4668-BE54-9A1E7A4F7556}") = "Deve.Common.Api", "Common.Api\Deve.Common.Api.csproj", "{22900C5B-DDF3-4C5D-A720-B5284FB941A7}"
EndProject
Project("{2150E333-8FDC-42A3-9474-1A3956D46DE8}") = "Extra", "Extra", "{2A52D688-96F9-4C04-945E-5B6E3920B29E}"
EndProject
Project("{9A19103F-16F7-4668-BE54-9A1E7A4F7556}") = "Deve.Log.NLog", "Extra\Log.NLog\Deve.Log.NLog.csproj", "{4CF9B145-5C24-4916-8A2C-837593C563F5}"
EndProject
Project("{9A19103F-16F7-4668-BE54-9A1E7A4F7556}") = "Deve.Log.Log4Net", "Extra\Log.Log4net\Deve.Log.Log4Net.csproj", "{9B2ACF6E-9D58-4943-A846-802C47DF8F8A}"
EndProject
Project("{9A19103F-16F7-4668-BE54-9A1E7A4F7556}") = "Deve.Log.NetCore", "Extra\Log.NetCore\Deve.Log.NetCore.csproj", "{AAC5C119-6CCF-4E30-B37F-C6B5BDF5C89F}"
EndProject
Project("{2150E333-8FDC-42A3-9474-1A3956D46DE8}") = "Tests", "Tests", "{CEBE374A-E4B9-45BA-BB62-DC94A665121A}"
EndProject
Project("{9A19103F-16F7-4668-BE54-9A1E7A4F7556}") = "Deve.Tests.Core", "Tests\Core\Deve.Tests.Core.csproj", "{F6C09FF1-4DD6-49F3-9847-DBA607540879}"
EndProject
Project("{9A19103F-16F7-4668-BE54-9A1E7A4F7556}") = "Deve.Tests.Auth", "Tests\Auth\Deve.Tests.Auth.csproj", "{96CAF602-E24E-44F6-8591-914012EC7295}"
EndProject
Project("{9A19103F-16F7-4668-BE54-9A1E7A4F7556}") = "Deve.Auth.Jwt", "Extra\Auth.Jwt\Deve.Auth.Jwt.csproj", "{4FCB14AB-C20B-4FAD-A6D6-03AF88FA1111}"
EndProject
Project("{9A19103F-16F7-4668-BE54-9A1E7A4F7556}") = "Deve.Tests.Common", "Tests\Common\Deve.Tests.Common.csproj", "{FDC225CF-E078-4797-A3AE-7BA8E33BB798}"
EndProject
Project("{9A19103F-16F7-4668-BE54-9A1E7A4F7556}") = "Deve.Tests.Api", "Tests\Api\Deve.Tests.Api.csproj", "{9F3DBD77-FC08-4259-A1DC-D4C869A7A574}"
EndProject
Project("{FAE04EC0-301F-11D3-BF4B-00C04F79EFBC}") = "Deve.Tests.Sdk", "Tests\Sdk\Deve.Tests.Sdk.csproj", "{E7361718-3F8F-4A47-9489-A1B804B3DCE0}"
EndProject
Project("{2150E333-8FDC-42A3-9474-1A3956D46DE8}") = "Clients", "Clients", "{BB35C45D-081E-4AE4-B521-CE98EAF94778}"
EndProject
Project("{FAE04EC0-301F-11D3-BF4B-00C04F79EFBC}") = "Deve.Clients.Common", "Clients\Common\Deve.Clients.Common.csproj", "{CC9E10A1-1659-4785-989F-414AE8E222CF}"
EndProject
Project("{FAE04EC0-301F-11D3-BF4B-00C04F79EFBC}") = "Deve.Clients.Console", "Clients\Console\Deve.Clients.Console.csproj", "{9B876E3C-9FE9-42B1-9F9A-AB4D27A9B2C8}"
EndProject
Project("{FAE04EC0-301F-11D3-BF4B-00C04F79EFBC}") = "Deve.Clients.Service", "Clients\Service\Deve.Clients.Service.csproj", "{3C424474-B2C1-4075-A4DE-0ACE2684987C}"
EndProject
Project("{FAE04EC0-301F-11D3-BF4B-00C04F79EFBC}") = "Deve.Clients.Maui", "Clients\Maui\Deve.Clients.Maui.csproj", "{2E0B07FE-9B5F-482F-9D37-29BE35AAD253}"
EndProject
Project("{FAE04EC0-301F-11D3-BF4B-00C04F79EFBC}") = "Deve.Tests.Maui", "Tests\Maui\Deve.Tests.Maui.csproj", "{E2913628-4AD5-4ACC-9606-E274DA299A61}"
EndProject
Project("{FAE04EC0-301F-11D3-BF4B-00C04F79EFBC}") = "Deve.Tests.Wpf", "Tests\Wpf\Deve.Tests.Wpf.csproj", "{208101D1-DF63-4339-861A-9F56EC26A66A}"
EndProject
Project("{FAE04EC0-301F-11D3-BF4B-00C04F79EFBC}") = "Deve.Cache.Memory", "Extra\Cache.Memory\Deve.Cache.Memory.csproj", "{570E9872-2A37-48DC-BB0A-B6851A905EF3}"
EndProject
Project("{FAE04EC0-301F-11D3-BF4B-00C04F79EFBC}") = "Deve.Cache.Redis", "Extra\Cache.Redis\Deve.Cache.Redis.csproj", "{DBD4F7DB-0E7B-48EC-88E8-90F7F2949E14}"
EndProject
Project("{FAE04EC0-301F-11D3-BF4B-00C04F79EFBC}") = "Deve.Tests.Cache", "Tests\Cache\Deve.Tests.Cache.csproj", "{53A6F0ED-EC7F-4FD5-A9F9-152302C9FCA0}"
EndProject
Project("{FAE04EC0-301F-11D3-BF4B-00C04F79EFBC}") = "Deve.Tests.Logs", "Tests\Logs\Deve.Tests.Logs.csproj", "{715FCA9A-1D91-4AB5-AE13-50690A2DDBA3}"
EndProject
Project("{FAE04EC0-301F-11D3-BF4B-00C04F79EFBC}") = "Deve.Log.Serilog", "Extra\Log.Serilog\Deve.Log.Serilog.csproj", "{51E2FC89-6EBD-43F2-9B5C-D623D4199877}"
EndProject
Project("{FAE04EC0-301F-11D3-BF4B-00C04F79EFBC}") = "Deve.Diagnostics.Sentry.Maui", "Extra\Diagnostics.Sentry.Maui\Deve.Diagnostics.Sentry.Maui.csproj", "{6667A8DB-09BC-49EE-9DA3-818247A8589C}"
EndProject
Project("{FAE04EC0-301F-11D3-BF4B-00C04F79EFBC}") = "Deve.Diagnostics.Sentry.AspNetCore", "Extra\Diagnostics.Sentry.AspNetCore\Deve.Diagnostics.Sentry.AspNetCore.csproj", "{497053AE-3651-898E-67E2-3539FC19C77E}"
EndProject
Project("{FAE04EC0-301F-11D3-BF4B-00C04F79EFBC}") = "Deve.Diagnostics.Sentry", "Extra\Diagnostics.Sentry\Deve.Diagnostics.Sentry.csproj", "{5A576467-843D-EA10-D916-A167FF446B1B}"
EndProject
Project("{FAE04EC0-301F-11D3-BF4B-00C04F79EFBC}") = "Deve.Diagnostics.OpenTelemetry.AspNetCore", "Extra\Diagnostics.OpenTelemetry.AspNetCore\Deve.Diagnostics.OpenTelemetry.AspNetCore.csproj", "{B2444A92-6B4E-498E-A01B-CC1ADBE66B5F}"
EndProject
Project("{FAE04EC0-301F-11D3-BF4B-00C04F79EFBC}") = "Deve.Diagnostics.OpenTelemetry.Maui", "Extra\Diagnostics.OpenTelemetry.Maui\Deve.Diagnostics.OpenTelemetry.Maui.csproj", "{B04661EB-6A79-489B-B7ED-8F1D24ECE601}"
EndProject
Project("{FAE04EC0-301F-11D3-BF4B-00C04F79EFBC}") = "Deve.Diagnostics.OpenTelemetry", "Extra\Diagnostics.OpenTelemetry\Deve.Diagnostics.OpenTelemetry.csproj", "{5AC6A55F-9307-46BA-A433-781305B09AC3}"
EndProject
Project("{2150E333-8FDC-42A3-9474-1A3956D46DE8}") = "Modules", "Modules", "{D5D8C652-71CF-42EB-853B-4177E6FD7F73}"
EndProject
Project("{FAE04EC0-301F-11D3-BF4B-00C04F79EFBC}") = "Deve.Common.Modules", "Common.Modules\Deve.Common.Modules.csproj", "{B82B9AD8-DB74-4331-BB06-B05BDAD9EE32}"
EndProject
Project("{FAE04EC0-301F-11D3-BF4B-00C04F79EFBC}") = "Deve.Modules.Auth", "Modules\Auth\Deve.Modules.Auth.csproj", "{6998116F-1C66-C41D-D203-20F0F822B832}"
EndProject
Project("{FAE04EC0-301F-11D3-BF4B-00C04F79EFBC}") = "Deve.Modules.Customers", "Modules\Customers\Deve.Modules.Customers.csproj", "{42DF4470-E4D5-5857-EA65-6DCBE5B30975}"
EndProject
Project("{FAE04EC0-301F-11D3-BF4B-00C04F79EFBC}") = "Deve.Modules.Identity", "Modules\Identity\Deve.Modules.Identity.csproj", "{90EF059B-B1E3-4845-098A-72AB5F799132}"
EndProject
Project("{FAE04EC0-301F-11D3-BF4B-00C04F79EFBC}") = "Deve.Api", "Api\Deve.Api.csproj", "{B544D346-D531-EC47-C431-4D8CFC27382B}"
EndProject
Project("{FAE04EC0-301F-11D3-BF4B-00C04F79EFBC}") = "Deve.Sdk", "Sdk\Deve.Sdk.csproj", "{40D03C4E-38AF-6FDB-D825-4E8164867534}"
EndProject
Project("{FAE04EC0-301F-11D3-BF4B-00C04F79EFBC}") = "Deve.Core", "Core\Deve.Core.csproj", "{8800E790-CAE3-CBBF-8B27-FB4BE16ABD22}"
EndProject
Project("{2150E333-8FDC-42A3-9474-1A3956D46DE8}") = "Solution Items", "Solution Items", "{DC03E100-DEFC-4C9C-AAC7-A23EAE4AA55B}"
	ProjectSection(SolutionItems) = preProject
		.editorconfig = .editorconfig
		Directory.Build.props = Directory.Build.props
	EndProjectSection
EndProject
Global
	GlobalSection(SolutionConfigurationPlatforms) = preSolution
		Debug|Any CPU = Debug|Any CPU
		Release|Any CPU = Release|Any CPU
	EndGlobalSection
	GlobalSection(ProjectConfigurationPlatforms) = postSolution
		{005918EB-14E6-4729-91CE-16A3F3270587}.Debug|Any CPU.ActiveCfg = Debug|Any CPU
		{005918EB-14E6-4729-91CE-16A3F3270587}.Debug|Any CPU.Build.0 = Debug|Any CPU
		{005918EB-14E6-4729-91CE-16A3F3270587}.Release|Any CPU.ActiveCfg = Release|Any CPU
		{005918EB-14E6-4729-91CE-16A3F3270587}.Release|Any CPU.Build.0 = Release|Any CPU
		{12D3177A-D3C8-46B0-84E5-189A9BD15221}.Debug|Any CPU.ActiveCfg = Debug|Any CPU
		{12D3177A-D3C8-46B0-84E5-189A9BD15221}.Debug|Any CPU.Build.0 = Debug|Any CPU
		{12D3177A-D3C8-46B0-84E5-189A9BD15221}.Release|Any CPU.ActiveCfg = Release|Any CPU
		{12D3177A-D3C8-46B0-84E5-189A9BD15221}.Release|Any CPU.Build.0 = Release|Any CPU
		{C15059AD-D964-4329-9CDC-B8DED4C07D61}.Debug|Any CPU.ActiveCfg = Debug|Any CPU
		{C15059AD-D964-4329-9CDC-B8DED4C07D61}.Debug|Any CPU.Build.0 = Debug|Any CPU
		{C15059AD-D964-4329-9CDC-B8DED4C07D61}.Release|Any CPU.ActiveCfg = Release|Any CPU
		{C15059AD-D964-4329-9CDC-B8DED4C07D61}.Release|Any CPU.Build.0 = Release|Any CPU
		{22900C5B-DDF3-4C5D-A720-B5284FB941A7}.Debug|Any CPU.ActiveCfg = Debug|Any CPU
		{22900C5B-DDF3-4C5D-A720-B5284FB941A7}.Debug|Any CPU.Build.0 = Debug|Any CPU
		{22900C5B-DDF3-4C5D-A720-B5284FB941A7}.Release|Any CPU.ActiveCfg = Release|Any CPU
		{22900C5B-DDF3-4C5D-A720-B5284FB941A7}.Release|Any CPU.Build.0 = Release|Any CPU
		{4CF9B145-5C24-4916-8A2C-837593C563F5}.Debug|Any CPU.ActiveCfg = Debug|Any CPU
		{4CF9B145-5C24-4916-8A2C-837593C563F5}.Debug|Any CPU.Build.0 = Debug|Any CPU
		{4CF9B145-5C24-4916-8A2C-837593C563F5}.Release|Any CPU.ActiveCfg = Release|Any CPU
		{4CF9B145-5C24-4916-8A2C-837593C563F5}.Release|Any CPU.Build.0 = Release|Any CPU
		{9B2ACF6E-9D58-4943-A846-802C47DF8F8A}.Debug|Any CPU.ActiveCfg = Debug|Any CPU
		{9B2ACF6E-9D58-4943-A846-802C47DF8F8A}.Debug|Any CPU.Build.0 = Debug|Any CPU
		{9B2ACF6E-9D58-4943-A846-802C47DF8F8A}.Release|Any CPU.ActiveCfg = Release|Any CPU
		{9B2ACF6E-9D58-4943-A846-802C47DF8F8A}.Release|Any CPU.Build.0 = Release|Any CPU
		{AAC5C119-6CCF-4E30-B37F-C6B5BDF5C89F}.Debug|Any CPU.ActiveCfg = Debug|Any CPU
		{AAC5C119-6CCF-4E30-B37F-C6B5BDF5C89F}.Debug|Any CPU.Build.0 = Debug|Any CPU
		{AAC5C119-6CCF-4E30-B37F-C6B5BDF5C89F}.Release|Any CPU.ActiveCfg = Release|Any CPU
		{AAC5C119-6CCF-4E30-B37F-C6B5BDF5C89F}.Release|Any CPU.Build.0 = Release|Any CPU
		{F6C09FF1-4DD6-49F3-9847-DBA607540879}.Debug|Any CPU.ActiveCfg = Debug|Any CPU
		{F6C09FF1-4DD6-49F3-9847-DBA607540879}.Debug|Any CPU.Build.0 = Debug|Any CPU
		{F6C09FF1-4DD6-49F3-9847-DBA607540879}.Release|Any CPU.ActiveCfg = Release|Any CPU
		{F6C09FF1-4DD6-49F3-9847-DBA607540879}.Release|Any CPU.Build.0 = Release|Any CPU
		{96CAF602-E24E-44F6-8591-914012EC7295}.Debug|Any CPU.ActiveCfg = Debug|Any CPU
		{96CAF602-E24E-44F6-8591-914012EC7295}.Debug|Any CPU.Build.0 = Debug|Any CPU
		{96CAF602-E24E-44F6-8591-914012EC7295}.Release|Any CPU.ActiveCfg = Release|Any CPU
		{96CAF602-E24E-44F6-8591-914012EC7295}.Release|Any CPU.Build.0 = Release|Any CPU
		{4FCB14AB-C20B-4FAD-A6D6-03AF88FA1111}.Debug|Any CPU.ActiveCfg = Debug|Any CPU
		{4FCB14AB-C20B-4FAD-A6D6-03AF88FA1111}.Debug|Any CPU.Build.0 = Debug|Any CPU
		{4FCB14AB-C20B-4FAD-A6D6-03AF88FA1111}.Release|Any CPU.ActiveCfg = Release|Any CPU
		{4FCB14AB-C20B-4FAD-A6D6-03AF88FA1111}.Release|Any CPU.Build.0 = Release|Any CPU
		{FDC225CF-E078-4797-A3AE-7BA8E33BB798}.Debug|Any CPU.ActiveCfg = Debug|Any CPU
		{FDC225CF-E078-4797-A3AE-7BA8E33BB798}.Debug|Any CPU.Build.0 = Debug|Any CPU
		{FDC225CF-E078-4797-A3AE-7BA8E33BB798}.Release|Any CPU.ActiveCfg = Release|Any CPU
		{FDC225CF-E078-4797-A3AE-7BA8E33BB798}.Release|Any CPU.Build.0 = Release|Any CPU
		{9F3DBD77-FC08-4259-A1DC-D4C869A7A574}.Debug|Any CPU.ActiveCfg = Debug|Any CPU
		{9F3DBD77-FC08-4259-A1DC-D4C869A7A574}.Debug|Any CPU.Build.0 = Debug|Any CPU
		{9F3DBD77-FC08-4259-A1DC-D4C869A7A574}.Release|Any CPU.ActiveCfg = Release|Any CPU
		{9F3DBD77-FC08-4259-A1DC-D4C869A7A574}.Release|Any CPU.Build.0 = Release|Any CPU
		{E7361718-3F8F-4A47-9489-A1B804B3DCE0}.Debug|Any CPU.ActiveCfg = Debug|Any CPU
		{E7361718-3F8F-4A47-9489-A1B804B3DCE0}.Debug|Any CPU.Build.0 = Debug|Any CPU
		{E7361718-3F8F-4A47-9489-A1B804B3DCE0}.Release|Any CPU.ActiveCfg = Release|Any CPU
		{E7361718-3F8F-4A47-9489-A1B804B3DCE0}.Release|Any CPU.Build.0 = Release|Any CPU
		{CC9E10A1-1659-4785-989F-414AE8E222CF}.Debug|Any CPU.ActiveCfg = Debug|Any CPU
		{CC9E10A1-1659-4785-989F-414AE8E222CF}.Debug|Any CPU.Build.0 = Debug|Any CPU
		{CC9E10A1-1659-4785-989F-414AE8E222CF}.Release|Any CPU.ActiveCfg = Release|Any CPU
		{CC9E10A1-1659-4785-989F-414AE8E222CF}.Release|Any CPU.Build.0 = Release|Any CPU
		{9B876E3C-9FE9-42B1-9F9A-AB4D27A9B2C8}.Debug|Any CPU.ActiveCfg = Debug|Any CPU
		{9B876E3C-9FE9-42B1-9F9A-AB4D27A9B2C8}.Debug|Any CPU.Build.0 = Debug|Any CPU
		{9B876E3C-9FE9-42B1-9F9A-AB4D27A9B2C8}.Release|Any CPU.ActiveCfg = Release|Any CPU
		{9B876E3C-9FE9-42B1-9F9A-AB4D27A9B2C8}.Release|Any CPU.Build.0 = Release|Any CPU
		{3C424474-B2C1-4075-A4DE-0ACE2684987C}.Debug|Any CPU.ActiveCfg = Debug|Any CPU
		{3C424474-B2C1-4075-A4DE-0ACE2684987C}.Debug|Any CPU.Build.0 = Debug|Any CPU
		{3C424474-B2C1-4075-A4DE-0ACE2684987C}.Release|Any CPU.ActiveCfg = Release|Any CPU
		{3C424474-B2C1-4075-A4DE-0ACE2684987C}.Release|Any CPU.Build.0 = Release|Any CPU
		{2E0B07FE-9B5F-482F-9D37-29BE35AAD253}.Debug|Any CPU.ActiveCfg = Debug|Any CPU
		{2E0B07FE-9B5F-482F-9D37-29BE35AAD253}.Debug|Any CPU.Build.0 = Debug|Any CPU
		{2E0B07FE-9B5F-482F-9D37-29BE35AAD253}.Debug|Any CPU.Deploy.0 = Debug|Any CPU
		{2E0B07FE-9B5F-482F-9D37-29BE35AAD253}.Release|Any CPU.ActiveCfg = Release|Any CPU
		{2E0B07FE-9B5F-482F-9D37-29BE35AAD253}.Release|Any CPU.Build.0 = Release|Any CPU
		{2E0B07FE-9B5F-482F-9D37-29BE35AAD253}.Release|Any CPU.Deploy.0 = Release|Any CPU
		{E2913628-4AD5-4ACC-9606-E274DA299A61}.Debug|Any CPU.ActiveCfg = Debug|Any CPU
		{E2913628-4AD5-4ACC-9606-E274DA299A61}.Debug|Any CPU.Build.0 = Debug|Any CPU
		{E2913628-4AD5-4ACC-9606-E274DA299A61}.Release|Any CPU.ActiveCfg = Release|Any CPU
		{E2913628-4AD5-4ACC-9606-E274DA299A61}.Release|Any CPU.Build.0 = Release|Any CPU
		{208101D1-DF63-4339-861A-9F56EC26A66A}.Debug|Any CPU.ActiveCfg = Debug|Any CPU
		{208101D1-DF63-4339-861A-9F56EC26A66A}.Debug|Any CPU.Build.0 = Debug|Any CPU
		{208101D1-DF63-4339-861A-9F56EC26A66A}.Release|Any CPU.ActiveCfg = Release|Any CPU
		{208101D1-DF63-4339-861A-9F56EC26A66A}.Release|Any CPU.Build.0 = Release|Any CPU
		{570E9872-2A37-48DC-BB0A-B6851A905EF3}.Debug|Any CPU.ActiveCfg = Debug|Any CPU
		{570E9872-2A37-48DC-BB0A-B6851A905EF3}.Debug|Any CPU.Build.0 = Debug|Any CPU
		{570E9872-2A37-48DC-BB0A-B6851A905EF3}.Release|Any CPU.ActiveCfg = Release|Any CPU
		{570E9872-2A37-48DC-BB0A-B6851A905EF3}.Release|Any CPU.Build.0 = Release|Any CPU
		{DBD4F7DB-0E7B-48EC-88E8-90F7F2949E14}.Debug|Any CPU.ActiveCfg = Debug|Any CPU
		{DBD4F7DB-0E7B-48EC-88E8-90F7F2949E14}.Debug|Any CPU.Build.0 = Debug|Any CPU
		{DBD4F7DB-0E7B-48EC-88E8-90F7F2949E14}.Release|Any CPU.ActiveCfg = Release|Any CPU
		{DBD4F7DB-0E7B-48EC-88E8-90F7F2949E14}.Release|Any CPU.Build.0 = Release|Any CPU
		{53A6F0ED-EC7F-4FD5-A9F9-152302C9FCA0}.Debug|Any CPU.ActiveCfg = Debug|Any CPU
		{53A6F0ED-EC7F-4FD5-A9F9-152302C9FCA0}.Debug|Any CPU.Build.0 = Debug|Any CPU
		{53A6F0ED-EC7F-4FD5-A9F9-152302C9FCA0}.Release|Any CPU.ActiveCfg = Release|Any CPU
		{53A6F0ED-EC7F-4FD5-A9F9-152302C9FCA0}.Release|Any CPU.Build.0 = Release|Any CPU
		{715FCA9A-1D91-4AB5-AE13-50690A2DDBA3}.Debug|Any CPU.ActiveCfg = Debug|Any CPU
		{715FCA9A-1D91-4AB5-AE13-50690A2DDBA3}.Debug|Any CPU.Build.0 = Debug|Any CPU
		{715FCA9A-1D91-4AB5-AE13-50690A2DDBA3}.Release|Any CPU.ActiveCfg = Release|Any CPU
		{715FCA9A-1D91-4AB5-AE13-50690A2DDBA3}.Release|Any CPU.Build.0 = Release|Any CPU
		{51E2FC89-6EBD-43F2-9B5C-D623D4199877}.Debug|Any CPU.ActiveCfg = Debug|Any CPU
		{51E2FC89-6EBD-43F2-9B5C-D623D4199877}.Debug|Any CPU.Build.0 = Debug|Any CPU
		{51E2FC89-6EBD-43F2-9B5C-D623D4199877}.Release|Any CPU.ActiveCfg = Release|Any CPU
		{51E2FC89-6EBD-43F2-9B5C-D623D4199877}.Release|Any CPU.Build.0 = Release|Any CPU
		{6667A8DB-09BC-49EE-9DA3-818247A8589C}.Debug|Any CPU.ActiveCfg = Debug|Any CPU
		{6667A8DB-09BC-49EE-9DA3-818247A8589C}.Debug|Any CPU.Build.0 = Debug|Any CPU
		{6667A8DB-09BC-49EE-9DA3-818247A8589C}.Release|Any CPU.ActiveCfg = Release|Any CPU
		{6667A8DB-09BC-49EE-9DA3-818247A8589C}.Release|Any CPU.Build.0 = Release|Any CPU
		{497053AE-3651-898E-67E2-3539FC19C77E}.Debug|Any CPU.ActiveCfg = Debug|Any CPU
		{497053AE-3651-898E-67E2-3539FC19C77E}.Debug|Any CPU.Build.0 = Debug|Any CPU
		{497053AE-3651-898E-67E2-3539FC19C77E}.Release|Any CPU.ActiveCfg = Release|Any CPU
		{497053AE-3651-898E-67E2-3539FC19C77E}.Release|Any CPU.Build.0 = Release|Any CPU
		{5A576467-843D-EA10-D916-A167FF446B1B}.Debug|Any CPU.ActiveCfg = Debug|Any CPU
		{5A576467-843D-EA10-D916-A167FF446B1B}.Debug|Any CPU.Build.0 = Debug|Any CPU
		{5A576467-843D-EA10-D916-A167FF446B1B}.Release|Any CPU.ActiveCfg = Release|Any CPU
		{5A576467-843D-EA10-D916-A167FF446B1B}.Release|Any CPU.Build.0 = Release|Any CPU
		{B2444A92-6B4E-498E-A01B-CC1ADBE66B5F}.Debug|Any CPU.ActiveCfg = Debug|Any CPU
		{B2444A92-6B4E-498E-A01B-CC1ADBE66B5F}.Debug|Any CPU.Build.0 = Debug|Any CPU
		{B2444A92-6B4E-498E-A01B-CC1ADBE66B5F}.Release|Any CPU.ActiveCfg = Release|Any CPU
		{B2444A92-6B4E-498E-A01B-CC1ADBE66B5F}.Release|Any CPU.Build.0 = Release|Any CPU
		{B04661EB-6A79-489B-B7ED-8F1D24ECE601}.Debug|Any CPU.ActiveCfg = Debug|Any CPU
		{B04661EB-6A79-489B-B7ED-8F1D24ECE601}.Debug|Any CPU.Build.0 = Debug|Any CPU
		{B04661EB-6A79-489B-B7ED-8F1D24ECE601}.Release|Any CPU.ActiveCfg = Release|Any CPU
		{B04661EB-6A79-489B-B7ED-8F1D24ECE601}.Release|Any CPU.Build.0 = Release|Any CPU
		{5AC6A55F-9307-46BA-A433-781305B09AC3}.Debug|Any CPU.ActiveCfg = Debug|Any CPU
		{5AC6A55F-9307-46BA-A433-781305B09AC3}.Debug|Any CPU.Build.0 = Debug|Any CPU
		{5AC6A55F-9307-46BA-A433-781305B09AC3}.Release|Any CPU.ActiveCfg = Release|Any CPU
		{5AC6A55F-9307-46BA-A433-781305B09AC3}.Release|Any CPU.Build.0 = Release|Any CPU
		{B82B9AD8-DB74-4331-BB06-B05BDAD9EE32}.Debug|Any CPU.ActiveCfg = Debug|Any CPU
		{B82B9AD8-DB74-4331-BB06-B05BDAD9EE32}.Debug|Any CPU.Build.0 = Debug|Any CPU
		{B82B9AD8-DB74-4331-BB06-B05BDAD9EE32}.Release|Any CPU.ActiveCfg = Release|Any CPU
		{B82B9AD8-DB74-4331-BB06-B05BDAD9EE32}.Release|Any CPU.Build.0 = Release|Any CPU
		{6998116F-1C66-C41D-D203-20F0F822B832}.Debug|Any CPU.ActiveCfg = Debug|Any CPU
		{6998116F-1C66-C41D-D203-20F0F822B832}.Debug|Any CPU.Build.0 = Debug|Any CPU
		{6998116F-1C66-C41D-D203-20F0F822B832}.Release|Any CPU.ActiveCfg = Release|Any CPU
		{6998116F-1C66-C41D-D203-20F0F822B832}.Release|Any CPU.Build.0 = Release|Any CPU
		{42DF4470-E4D5-5857-EA65-6DCBE5B30975}.Debug|Any CPU.ActiveCfg = Debug|Any CPU
		{42DF4470-E4D5-5857-EA65-6DCBE5B30975}.Debug|Any CPU.Build.0 = Debug|Any CPU
		{42DF4470-E4D5-5857-EA65-6DCBE5B30975}.Release|Any CPU.ActiveCfg = Release|Any CPU
		{42DF4470-E4D5-5857-EA65-6DCBE5B30975}.Release|Any CPU.Build.0 = Release|Any CPU
		{90EF059B-B1E3-4845-098A-72AB5F799132}.Debug|Any CPU.ActiveCfg = Debug|Any CPU
		{90EF059B-B1E3-4845-098A-72AB5F799132}.Debug|Any CPU.Build.0 = Debug|Any CPU
		{90EF059B-B1E3-4845-098A-72AB5F799132}.Release|Any CPU.ActiveCfg = Release|Any CPU
		{90EF059B-B1E3-4845-098A-72AB5F799132}.Release|Any CPU.Build.0 = Release|Any CPU
		{B544D346-D531-EC47-C431-4D8CFC27382B}.Debug|Any CPU.ActiveCfg = Debug|Any CPU
		{B544D346-D531-EC47-C431-4D8CFC27382B}.Debug|Any CPU.Build.0 = Debug|Any CPU
		{B544D346-D531-EC47-C431-4D8CFC27382B}.Release|Any CPU.ActiveCfg = Release|Any CPU
		{B544D346-D531-EC47-C431-4D8CFC27382B}.Release|Any CPU.Build.0 = Release|Any CPU
		{40D03C4E-38AF-6FDB-D825-4E8164867534}.Debug|Any CPU.ActiveCfg = Debug|Any CPU
		{40D03C4E-38AF-6FDB-D825-4E8164867534}.Debug|Any CPU.Build.0 = Debug|Any CPU
		{40D03C4E-38AF-6FDB-D825-4E8164867534}.Release|Any CPU.ActiveCfg = Release|Any CPU
		{40D03C4E-38AF-6FDB-D825-4E8164867534}.Release|Any CPU.Build.0 = Release|Any CPU
		{8800E790-CAE3-CBBF-8B27-FB4BE16ABD22}.Debug|Any CPU.ActiveCfg = Debug|Any CPU
		{8800E790-CAE3-CBBF-8B27-FB4BE16ABD22}.Debug|Any CPU.Build.0 = Debug|Any CPU
		{8800E790-CAE3-CBBF-8B27-FB4BE16ABD22}.Release|Any CPU.ActiveCfg = Release|Any CPU
		{8800E790-CAE3-CBBF-8B27-FB4BE16ABD22}.Release|Any CPU.Build.0 = Release|Any CPU
	EndGlobalSection
	GlobalSection(SolutionProperties) = preSolution
		HideSolutionNode = FALSE
	EndGlobalSection
	GlobalSection(NestedProjects) = preSolution
		{005918EB-14E6-4729-91CE-16A3F3270587} = {BB35C45D-081E-4AE4-B521-CE98EAF94778}
		{4CF9B145-5C24-4916-8A2C-837593C563F5} = {2A52D688-96F9-4C04-945E-5B6E3920B29E}
		{9B2ACF6E-9D58-4943-A846-802C47DF8F8A} = {2A52D688-96F9-4C04-945E-5B6E3920B29E}
		{AAC5C119-6CCF-4E30-B37F-C6B5BDF5C89F} = {2A52D688-96F9-4C04-945E-5B6E3920B29E}
		{F6C09FF1-4DD6-49F3-9847-DBA607540879} = {CEBE374A-E4B9-45BA-BB62-DC94A665121A}
		{96CAF602-E24E-44F6-8591-914012EC7295} = {CEBE374A-E4B9-45BA-BB62-DC94A665121A}
		{4FCB14AB-C20B-4FAD-A6D6-03AF88FA1111} = {2A52D688-96F9-4C04-945E-5B6E3920B29E}
		{FDC225CF-E078-4797-A3AE-7BA8E33BB798} = {CEBE374A-E4B9-45BA-BB62-DC94A665121A}
		{9F3DBD77-FC08-4259-A1DC-D4C869A7A574} = {CEBE374A-E4B9-45BA-BB62-DC94A665121A}
		{E7361718-3F8F-4A47-9489-A1B804B3DCE0} = {CEBE374A-E4B9-45BA-BB62-DC94A665121A}
		{CC9E10A1-1659-4785-989F-414AE8E222CF} = {BB35C45D-081E-4AE4-B521-CE98EAF94778}
		{9B876E3C-9FE9-42B1-9F9A-AB4D27A9B2C8} = {BB35C45D-081E-4AE4-B521-CE98EAF94778}
		{3C424474-B2C1-4075-A4DE-0ACE2684987C} = {BB35C45D-081E-4AE4-B521-CE98EAF94778}
		{2E0B07FE-9B5F-482F-9D37-29BE35AAD253} = {BB35C45D-081E-4AE4-B521-CE98EAF94778}
		{E2913628-4AD5-4ACC-9606-E274DA299A61} = {CEBE374A-E4B9-45BA-BB62-DC94A665121A}
		{208101D1-DF63-4339-861A-9F56EC26A66A} = {CEBE374A-E4B9-45BA-BB62-DC94A665121A}
		{570E9872-2A37-48DC-BB0A-B6851A905EF3} = {2A52D688-96F9-4C04-945E-5B6E3920B29E}
		{DBD4F7DB-0E7B-48EC-88E8-90F7F2949E14} = {2A52D688-96F9-4C04-945E-5B6E3920B29E}
		{53A6F0ED-EC7F-4FD5-A9F9-152302C9FCA0} = {CEBE374A-E4B9-45BA-BB62-DC94A665121A}
		{715FCA9A-1D91-4AB5-AE13-50690A2DDBA3} = {CEBE374A-E4B9-45BA-BB62-DC94A665121A}
		{51E2FC89-6EBD-43F2-9B5C-D623D4199877} = {2A52D688-96F9-4C04-945E-5B6E3920B29E}
		{6667A8DB-09BC-49EE-9DA3-818247A8589C} = {2A52D688-96F9-4C04-945E-5B6E3920B29E}
		{497053AE-3651-898E-67E2-3539FC19C77E} = {2A52D688-96F9-4C04-945E-5B6E3920B29E}
		{5A576467-843D-EA10-D916-A167FF446B1B} = {2A52D688-96F9-4C04-945E-5B6E3920B29E}
		{B2444A92-6B4E-498E-A01B-CC1ADBE66B5F} = {2A52D688-96F9-4C04-945E-5B6E3920B29E}
		{B04661EB-6A79-489B-B7ED-8F1D24ECE601} = {2A52D688-96F9-4C04-945E-5B6E3920B29E}
		{5AC6A55F-9307-46BA-A433-781305B09AC3} = {2A52D688-96F9-4C04-945E-5B6E3920B29E}
		{6998116F-1C66-C41D-D203-20F0F822B832} = {D5D8C652-71CF-42EB-853B-4177E6FD7F73}
		{42DF4470-E4D5-5857-EA65-6DCBE5B30975} = {D5D8C652-71CF-42EB-853B-4177E6FD7F73}
		{90EF059B-B1E3-4845-098A-72AB5F799132} = {D5D8C652-71CF-42EB-853B-4177E6FD7F73}
	EndGlobalSection
	GlobalSection(ExtensibilityGlobals) = postSolution
		SolutionGuid = {C8157CD2-E584-4372-9A7B-B73C837733A5}
	EndGlobalSection
EndGlobal
