
Microsoft Visual Studio Solution File, Format Version 12.00
# Visual Studio Version 17
VisualStudioVersion = 17.10.35122.118
MinimumVisualStudioVersion = 10.0.40219.1
Project("{FAE04EC0-301F-11D3-BF4B-00C04F79EFBC}") = "Deve.Clients.Wpf", "Clients\Wpf\Deve.Clients.Wpf.csproj", "{BC8C59D6-2ECC-4FBF-8842-1AAAD998717E}"
EndProject
Project("{9A19103F-16F7-4668-BE54-9A1E7A4F7556}") = "Deve.Common", "Common\Deve.Common.csproj", "{12D3177A-D3C8-46B0-84E5-189A9BD15221}"
EndProject
Project("{9A19103F-16F7-4668-BE54-9A1E7A4F7556}") = "Deve.External.Sdk", "External\Sdk\Deve.External.Sdk.csproj", "{4880FB5D-8B7F-4A5C-8E40-56743BDDE5D5}"
EndProject
Project("{9A19103F-16F7-4668-BE54-9A1E7A4F7556}") = "Deve.External.Common", "External\Common\Deve.External.Common.csproj", "{AB5E9A3E-D35C-400C-9CD1-FA0FB304F2AD}"
EndProject
Project("{2150E333-8FDC-42A3-9474-1A3956D46DE8}") = "Extrenal", "Extrenal", "{D1ADA6A3-C95F-422E-8BA6-7284ED1ACE10}"
EndProject
Project("{2150E333-8FDC-42A3-9474-1A3956D46DE8}") = "Internal", "Internal", "{36A59BE0-B472-499A-98A8-99184F6A1627}"
EndProject
Project("{9A19103F-16F7-4668-BE54-9A1E7A4F7556}") = "Deve.Internal.Sdk", "Internal\Sdk\Deve.Internal.Sdk.csproj", "{39572F91-46EA-455E-B66C-8672DC883D3C}"
EndProject
Project("{9A19103F-16F7-4668-BE54-9A1E7A4F7556}") = "Deve.Internal.Common", "Internal\Common\Deve.Internal.Common.csproj", "{7DC4296C-8470-4309-B557-59E2405221A7}"
EndProject
Project("{2150E333-8FDC-42A3-9474-1A3956D46DE8}") = "Extra", "Extra", "{66B806F6-6293-447A-BE10-9931F243F758}"
EndProject
Project("{9A19103F-16F7-4668-BE54-9A1E7A4F7556}") = "Deve.Log.Log4net", "Extra\Log.Log4net\Deve.Log.Log4net.csproj", "{689C1119-AF45-4D8F-91A5-2803D73F6159}"
EndProject
Project("{9A19103F-16F7-4668-BE54-9A1E7A4F7556}") = "Deve.Log.NLog", "Extra\Log.NLog\Deve.Log.NLog.csproj", "{30FC12D4-FCD3-472E-A85E-6AB1D6B01045}"
EndProject
Project("{9A19103F-16F7-4668-BE54-9A1E7A4F7556}") = "Deve.Common.Sdk", "Common.Sdk\Deve.Common.Sdk.csproj", "{CE728BE9-D2C9-4C84-9CEE-32E219D91C81}"
EndProject
Project("{FAE04EC0-301F-11D3-BF4B-00C04F79EFBC}") = "Deve.Clients.Common", "Clients\Common\Deve.Clients.Common.csproj", "{4F78D413-4004-43B4-BE5B-9B3DE5CB521F}"
EndProject
Project("{FAE04EC0-301F-11D3-BF4B-00C04F79EFBC}") = "Deve.Clients.Console", "Clients\Console\Deve.Clients.Console.csproj", "{50664655-0922-4142-AD8A-0738919C4EFA}"
EndProject
Project("{FAE04EC0-301F-11D3-BF4B-00C04F79EFBC}") = "Deve.Clients.Service", "Clients\Service\Deve.Clients.Service.csproj", "{6A572925-1DFC-41AB-AC8F-BE5BD0CC2BB5}"
EndProject
Project("{FAE04EC0-301F-11D3-BF4B-00C04F79EFBC}") = "Deve.Clients.Maui", "Clients\Maui\Deve.Clients.Maui.csproj", "{6210A8BA-369E-4DC1-BB26-AD1FCF319664}"
EndProject
Project("{2150E333-8FDC-42A3-9474-1A3956D46DE8}") = "Clients", "Clients", "{10DEE3F2-FD65-4F25-A61C-B13D99F8A1B6}"
EndProject
Global
	GlobalSection(SolutionConfigurationPlatforms) = preSolution
		Debug|Any CPU = Debug|Any CPU
		Release|Any CPU = Release|Any CPU
	EndGlobalSection
	GlobalSection(ProjectConfigurationPlatforms) = postSolution
		{12D3177A-D3C8-46B0-84E5-189A9BD15221}.Debug|Any CPU.ActiveCfg = Debug|Any CPU
		{12D3177A-D3C8-46B0-84E5-189A9BD15221}.Debug|Any CPU.Build.0 = Debug|Any CPU
		{12D3177A-D3C8-46B0-84E5-189A9BD15221}.Release|Any CPU.ActiveCfg = Release|Any CPU
		{12D3177A-D3C8-46B0-84E5-189A9BD15221}.Release|Any CPU.Build.0 = Release|Any CPU
		{4880FB5D-8B7F-4A5C-8E40-56743BDDE5D5}.Debug|Any CPU.ActiveCfg = Debug|Any CPU
		{4880FB5D-8B7F-4A5C-8E40-56743BDDE5D5}.Debug|Any CPU.Build.0 = Debug|Any CPU
		{4880FB5D-8B7F-4A5C-8E40-56743BDDE5D5}.Release|Any CPU.ActiveCfg = Release|Any CPU
		{4880FB5D-8B7F-4A5C-8E40-56743BDDE5D5}.Release|Any CPU.Build.0 = Release|Any CPU
		{AB5E9A3E-D35C-400C-9CD1-FA0FB304F2AD}.Debug|Any CPU.ActiveCfg = Debug|Any CPU
		{AB5E9A3E-D35C-400C-9CD1-FA0FB304F2AD}.Debug|Any CPU.Build.0 = Debug|Any CPU
		{AB5E9A3E-D35C-400C-9CD1-FA0FB304F2AD}.Release|Any CPU.ActiveCfg = Release|Any CPU
		{AB5E9A3E-D35C-400C-9CD1-FA0FB304F2AD}.Release|Any CPU.Build.0 = Release|Any CPU
		{39572F91-46EA-455E-B66C-8672DC883D3C}.Debug|Any CPU.ActiveCfg = Debug|Any CPU
		{39572F91-46EA-455E-B66C-8672DC883D3C}.Debug|Any CPU.Build.0 = Debug|Any CPU
		{39572F91-46EA-455E-B66C-8672DC883D3C}.Release|Any CPU.ActiveCfg = Release|Any CPU
		{39572F91-46EA-455E-B66C-8672DC883D3C}.Release|Any CPU.Build.0 = Release|Any CPU
		{7DC4296C-8470-4309-B557-59E2405221A7}.Debug|Any CPU.ActiveCfg = Debug|Any CPU
		{7DC4296C-8470-4309-B557-59E2405221A7}.Debug|Any CPU.Build.0 = Debug|Any CPU
		{7DC4296C-8470-4309-B557-59E2405221A7}.Release|Any CPU.ActiveCfg = Release|Any CPU
		{7DC4296C-8470-4309-B557-59E2405221A7}.Release|Any CPU.Build.0 = Release|Any CPU
		{689C1119-AF45-4D8F-91A5-2803D73F6159}.Debug|Any CPU.ActiveCfg = Debug|Any CPU
		{689C1119-AF45-4D8F-91A5-2803D73F6159}.Debug|Any CPU.Build.0 = Debug|Any CPU
		{689C1119-AF45-4D8F-91A5-2803D73F6159}.Release|Any CPU.ActiveCfg = Release|Any CPU
		{689C1119-AF45-4D8F-91A5-2803D73F6159}.Release|Any CPU.Build.0 = Release|Any CPU
		{30FC12D4-FCD3-472E-A85E-6AB1D6B01045}.Debug|Any CPU.ActiveCfg = Debug|Any CPU
		{30FC12D4-FCD3-472E-A85E-6AB1D6B01045}.Debug|Any CPU.Build.0 = Debug|Any CPU
		{30FC12D4-FCD3-472E-A85E-6AB1D6B01045}.Release|Any CPU.ActiveCfg = Release|Any CPU
		{30FC12D4-FCD3-472E-A85E-6AB1D6B01045}.Release|Any CPU.Build.0 = Release|Any CPU
		{CE728BE9-D2C9-4C84-9CEE-32E219D91C81}.Debug|Any CPU.ActiveCfg = Debug|Any CPU
		{CE728BE9-D2C9-4C84-9CEE-32E219D91C81}.Debug|Any CPU.Build.0 = Debug|Any CPU
		{CE728BE9-D2C9-4C84-9CEE-32E219D91C81}.Release|Any CPU.ActiveCfg = Release|Any CPU
		{CE728BE9-D2C9-4C84-9CEE-32E219D91C81}.Release|Any CPU.Build.0 = Release|Any CPU
		{4F78D413-4004-43B4-BE5B-9B3DE5CB521F}.Debug|Any CPU.ActiveCfg = Debug|Any CPU
		{4F78D413-4004-43B4-BE5B-9B3DE5CB521F}.Debug|Any CPU.Build.0 = Debug|Any CPU
		{4F78D413-4004-43B4-BE5B-9B3DE5CB521F}.Release|Any CPU.ActiveCfg = Release|Any CPU
		{4F78D413-4004-43B4-BE5B-9B3DE5CB521F}.Release|Any CPU.Build.0 = Release|Any CPU
		{50664655-0922-4142-AD8A-0738919C4EFA}.Debug|Any CPU.ActiveCfg = Debug|Any CPU
		{50664655-0922-4142-AD8A-0738919C4EFA}.Debug|Any CPU.Build.0 = Debug|Any CPU
		{50664655-0922-4142-AD8A-0738919C4EFA}.Release|Any CPU.ActiveCfg = Release|Any CPU
		{50664655-0922-4142-AD8A-0738919C4EFA}.Release|Any CPU.Build.0 = Release|Any CPU
		{6A572925-1DFC-41AB-AC8F-BE5BD0CC2BB5}.Debug|Any CPU.ActiveCfg = Debug|Any CPU
		{6A572925-1DFC-41AB-AC8F-BE5BD0CC2BB5}.Debug|Any CPU.Build.0 = Debug|Any CPU
		{6A572925-1DFC-41AB-AC8F-BE5BD0CC2BB5}.Release|Any CPU.ActiveCfg = Release|Any CPU
		{6A572925-1DFC-41AB-AC8F-BE5BD0CC2BB5}.Release|Any CPU.Build.0 = Release|Any CPU
		{6210A8BA-369E-4DC1-BB26-AD1FCF319664}.Debug|Any CPU.ActiveCfg = Debug|Any CPU
		{6210A8BA-369E-4DC1-BB26-AD1FCF319664}.Debug|Any CPU.Build.0 = Debug|Any CPU
		{6210A8BA-369E-4DC1-BB26-AD1FCF319664}.Debug|Any CPU.Deploy.0 = Debug|Any CPU
		{6210A8BA-369E-4DC1-BB26-AD1FCF319664}.Release|Any CPU.ActiveCfg = Release|Any CPU
		{6210A8BA-369E-4DC1-BB26-AD1FCF319664}.Release|Any CPU.Build.0 = Release|Any CPU
		{6210A8BA-369E-4DC1-BB26-AD1FCF319664}.Release|Any CPU.Deploy.0 = Release|Any CPU
		{BC8C59D6-2ECC-4FBF-8842-1AAAD998717E}.Debug|Any CPU.ActiveCfg = Debug|Any CPU
		{BC8C59D6-2ECC-4FBF-8842-1AAAD998717E}.Debug|Any CPU.Build.0 = Debug|Any CPU
		{BC8C59D6-2ECC-4FBF-8842-1AAAD998717E}.Release|Any CPU.ActiveCfg = Release|Any CPU
		{BC8C59D6-2ECC-4FBF-8842-1AAAD998717E}.Release|Any CPU.Build.0 = Release|Any CPU
	EndGlobalSection
	GlobalSection(SolutionProperties) = preSolution
		HideSolutionNode = FALSE
	EndGlobalSection
	GlobalSection(NestedProjects) = preSolution
		{4880FB5D-8B7F-4A5C-8E40-56743BDDE5D5} = {D1ADA6A3-C95F-422E-8BA6-7284ED1ACE10}
		{AB5E9A3E-D35C-400C-9CD1-FA0FB304F2AD} = {D1ADA6A3-C95F-422E-8BA6-7284ED1ACE10}
		{39572F91-46EA-455E-B66C-8672DC883D3C} = {36A59BE0-B472-499A-98A8-99184F6A1627}
		{7DC4296C-8470-4309-B557-59E2405221A7} = {36A59BE0-B472-499A-98A8-99184F6A1627}
		{689C1119-AF45-4D8F-91A5-2803D73F6159} = {66B806F6-6293-447A-BE10-9931F243F758}
		{30FC12D4-FCD3-472E-A85E-6AB1D6B01045} = {66B806F6-6293-447A-BE10-9931F243F758}
		{4F78D413-4004-43B4-BE5B-9B3DE5CB521F} = {10DEE3F2-FD65-4F25-A61C-B13D99F8A1B6}
		{50664655-0922-4142-AD8A-0738919C4EFA} = {10DEE3F2-FD65-4F25-A61C-B13D99F8A1B6}
		{6A572925-1DFC-41AB-AC8F-BE5BD0CC2BB5} = {10DEE3F2-FD65-4F25-A61C-B13D99F8A1B6}
		{6210A8BA-369E-4DC1-BB26-AD1FCF319664} = {10DEE3F2-FD65-4F25-A61C-B13D99F8A1B6}
		{BC8C59D6-2ECC-4FBF-8842-1AAAD998717E} = {10DEE3F2-FD65-4F25-A61C-B13D99F8A1B6}
	EndGlobalSection
	GlobalSection(ExtensibilityGlobals) = postSolution
		SolutionGuid = {C8157CD2-E584-4372-9A7B-B73C837733A5}
	EndGlobalSection
EndGlobal
