
Microsoft Visual Studio Solution File, Format Version 12.00
# Visual Studio Version 17
VisualStudioVersion = 17.10.35122.118
MinimumVisualStudioVersion = 10.0.40219.1
Project("{9A19103F-16F7-4668-BE54-9A1E7A4F7556}") = "Deve.Common", "Common\Deve.Common.csproj", "{12D3177A-D3C8-46B0-84E5-189A9BD15221}"
EndProject
Project("{9A19103F-16F7-4668-BE54-9A1E7A4F7556}") = "Deve.Core", "Core\Deve.Core.csproj", "{864D7C93-AC13-4D7D-852A-25E2800A051F}"
EndProject
Project("{9A19103F-16F7-4668-BE54-9A1E7A4F7556}") = "Deve.Internal.Api", "Internal\Api\Deve.Internal.Api.csproj", "{283944FD-3FD1-4E5A-A066-65DC18731B32}"
EndProject
Project("{9A19103F-16F7-4668-BE54-9A1E7A4F7556}") = "Deve.Internal.Common", "Internal\Common\Deve.Internal.Common.csproj", "{29ECFD03-BBC9-4923-9B0B-5884CB7AEDC7}"
EndProject
Project("{9A19103F-16F7-4668-BE54-9A1E7A4F7556}") = "Deve.External.Common", "External\Common\Deve.External.Common.csproj", "{AB5E9A3E-D35C-400C-9CD1-FA0FB304F2AD}"
EndProject
Project("{9A19103F-16F7-4668-BE54-9A1E7A4F7556}") = "Deve.DataSource", "DataSource\Deve.DataSource.csproj", "{8D599707-B9C4-4379-B886-8BC2AFF0A4F6}"
EndProject
Project("{9A19103F-16F7-4668-BE54-9A1E7A4F7556}") = "Deve.Common.Api", "Common.Api\Deve.Common.Api.csproj", "{F30D5FCD-E1B8-4F07-86DF-1CA01737BF31}"
EndProject
Global
	GlobalSection(SolutionConfigurationPlatforms) = preSolution
		Debug|Any CPU = Debug|Any CPU
		Release|Any CPU = Release|Any CPU
	EndGlobalSection
	GlobalSection(ProjectConfigurationPlatforms) = postSolution
		{12D3177A-D3C8-46B0-84E5-189A9BD15221}.Debug|Any CPU.ActiveCfg = Debug|Any CPU
		{12D3177A-D3C8-46B0-84E5-189A9BD15221}.Debug|Any CPU.Build.0 = Debug|Any CPU
		{12D3177A-D3C8-46B0-84E5-189A9BD15221}.Release|Any CPU.ActiveCfg = Release|Any CPU
		{12D3177A-D3C8-46B0-84E5-189A9BD15221}.Release|Any CPU.Build.0 = Release|Any CPU
		{864D7C93-AC13-4D7D-852A-25E2800A051F}.Debug|Any CPU.ActiveCfg = Debug|Any CPU
		{864D7C93-AC13-4D7D-852A-25E2800A051F}.Debug|Any CPU.Build.0 = Debug|Any CPU
		{864D7C93-AC13-4D7D-852A-25E2800A051F}.Release|Any CPU.ActiveCfg = Release|Any CPU
		{864D7C93-AC13-4D7D-852A-25E2800A051F}.Release|Any CPU.Build.0 = Release|Any CPU
		{283944FD-3FD1-4E5A-A066-65DC18731B32}.Debug|Any CPU.ActiveCfg = Debug|Any CPU
		{283944FD-3FD1-4E5A-A066-65DC18731B32}.Debug|Any CPU.Build.0 = Debug|Any CPU
		{283944FD-3FD1-4E5A-A066-65DC18731B32}.Release|Any CPU.ActiveCfg = Release|Any CPU
		{283944FD-3FD1-4E5A-A066-65DC18731B32}.Release|Any CPU.Build.0 = Release|Any CPU
		{29ECFD03-BBC9-4923-9B0B-5884CB7AEDC7}.Debug|Any CPU.ActiveCfg = Debug|Any CPU
		{29ECFD03-BBC9-4923-9B0B-5884CB7AEDC7}.Debug|Any CPU.Build.0 = Debug|Any CPU
		{29ECFD03-BBC9-4923-9B0B-5884CB7AEDC7}.Release|Any CPU.ActiveCfg = Release|Any CPU
		{29ECFD03-BBC9-4923-9B0B-5884CB7AEDC7}.Release|Any CPU.Build.0 = Release|Any CPU
		{AB5E9A3E-D35C-400C-9CD1-FA0FB304F2AD}.Debug|Any CPU.ActiveCfg = Debug|Any CPU
		{AB5E9A3E-D35C-400C-9CD1-FA0FB304F2AD}.Debug|Any CPU.Build.0 = Debug|Any CPU
		{AB5E9A3E-D35C-400C-9CD1-FA0FB304F2AD}.Release|Any CPU.ActiveCfg = Release|Any CPU
		{AB5E9A3E-D35C-400C-9CD1-FA0FB304F2AD}.Release|Any CPU.Build.0 = Release|Any CPU
		{8D599707-B9C4-4379-B886-8BC2AFF0A4F6}.Debug|Any CPU.ActiveCfg = Debug|Any CPU
		{8D599707-B9C4-4379-B886-8BC2AFF0A4F6}.Debug|Any CPU.Build.0 = Debug|Any CPU
		{8D599707-B9C4-4379-B886-8BC2AFF0A4F6}.Release|Any CPU.ActiveCfg = Release|Any CPU
		{8D599707-B9C4-4379-B886-8BC2AFF0A4F6}.Release|Any CPU.Build.0 = Release|Any CPU
		{F30D5FCD-E1B8-4F07-86DF-1CA01737BF31}.Debug|Any CPU.ActiveCfg = Debug|Any CPU
		{F30D5FCD-E1B8-4F07-86DF-1CA01737BF31}.Debug|Any CPU.Build.0 = Debug|Any CPU
		{F30D5FCD-E1B8-4F07-86DF-1CA01737BF31}.Release|Any CPU.ActiveCfg = Release|Any CPU
		{F30D5FCD-E1B8-4F07-86DF-1CA01737BF31}.Release|Any CPU.Build.0 = Release|Any CPU
	EndGlobalSection
	GlobalSection(SolutionProperties) = preSolution
		HideSolutionNode = FALSE
	EndGlobalSection
	GlobalSection(ExtensibilityGlobals) = postSolution
		SolutionGuid = {C8157CD2-E584-4372-9A7B-B73C837733A5}
	EndGlobalSection
EndGlobal
