
Microsoft Visual Studio Solution File, Format Version 12.00
# Visual Studio Version 17
VisualStudioVersion = 17.10.35122.118
MinimumVisualStudioVersion = 10.0.40219.1
Project("{FAE04EC0-301F-11D3-BF4B-00C04F79EFBC}") = "Deve.Api", "Api\Deve.Api.csproj", "{B544D346-D531-EC47-C431-4D8CFC27382B}"
EndProject
Project("{9A19103F-16F7-4668-BE54-9A1E7A4F7556}") = "Deve.Common", "Common\Deve.Common.csproj", "{12D3177A-D3C8-46B0-84E5-189A9BD15221}"
EndProject
Project("{9A19103F-16F7-4668-BE54-9A1E7A4F7556}") = "Deve.Core", "Core\Deve.Core.csproj", "{864D7C93-AC13-4D7D-852A-25E2800A051F}"
EndProject
Project("{9A19103F-16F7-4668-BE54-9A1E7A4F7556}") = "Deve.Common.Api", "Common.Api\Deve.Common.Api.csproj", "{F30D5FCD-E1B8-4F07-86DF-1CA01737BF31}"
EndProject
Project("{2150E333-8FDC-42A3-9474-1A3956D46DE8}") = "Extra", "Extra", "{9C878286-D428-4DCA-87D9-FC30907879A4}"
EndProject
Project("{FAE04EC0-301F-11D3-BF4B-00C04F79EFBC}") = "Deve.Auth.Jwt", "Extra\Auth.Jwt\Deve.Auth.Jwt.csproj", "{AE7DCACD-5B55-4697-9E15-04E6821A82CA}"
EndProject
Project("{FAE04EC0-301F-11D3-BF4B-00C04F79EFBC}") = "Deve.Auth", "Auth\Deve.Auth.csproj", "{418D5EE3-F875-41A5-936C-318513069FA2}"
EndProject
Project("{FAE04EC0-301F-11D3-BF4B-00C04F79EFBC}") = "Deve.Log.NetCore", "Extra\Log.NetCore\Deve.Log.NetCore.csproj", "{0195B30F-83E3-4D83-96DA-084F070CAFA2}"
EndProject
Project("{FAE04EC0-301F-11D3-BF4B-00C04F79EFBC}") = "Deve.Diagnostics.Sentry", "Extra\Diagnostics.Sentry\Deve.Diagnostics.Sentry.csproj", "{5A576467-843D-EA10-D916-A167FF446B1B}"
EndProject
Project("{FAE04EC0-301F-11D3-BF4B-00C04F79EFBC}") = "Deve.Diagnostics.Sentry.AspNetCore", "Extra\Diagnostics.Sentry.AspNetCore\Deve.Diagnostics.Sentry.AspNetCore.csproj", "{497053AE-3651-898E-67E2-3539FC19C77E}"
EndProject
Project("{FAE04EC0-301F-11D3-BF4B-00C04F79EFBC}") = "Deve.Diagnostics.OpenTelemetry.AspNetCore", "Extra\Diagnostics.OpenTelemetry.AspNetCore\Deve.Diagnostics.OpenTelemetry.AspNetCore.csproj", "{5242D704-A7C9-27F9-4F3A-6C23787D1A86}"
EndProject
Project("{FAE04EC0-301F-11D3-BF4B-00C04F79EFBC}") = "Deve.Cache.Redis", "Extra\Cache.Redis\Deve.Cache.Redis.csproj", "{09976D83-A58E-B5B5-7D3D-4B1D26460871}"
EndProject
Project("{FAE04EC0-301F-11D3-BF4B-00C04F79EFBC}") = "Deve.Cache.Memory", "Extra\Cache.Memory\Deve.Cache.Memory.csproj", "{01705170-30A1-6EC1-B20B-7F54D7E2B3B5}"
EndProject
Project("{2150E333-8FDC-42A3-9474-1A3956D46DE8}") = "Tests", "Tests", "{02EA681E-C7D8-13C7-8484-4AC65E1B71E8}"
EndProject
Project("{FAE04EC0-301F-11D3-BF4B-00C04F79EFBC}") = "Deve.Tests.Common", "Tests\Common\Deve.Tests.Common.csproj", "{836C03B7-B297-25C3-D4AA-58AE8D666368}"
EndProject
Project("{FAE04EC0-301F-11D3-BF4B-00C04F79EFBC}") = "Deve.Tests.Logs", "Tests\Logs\Deve.Tests.Logs.csproj", "{B5CD3A0D-CC7A-9FF7-9662-969C5CCDC143}"
EndProject
Project("{FAE04EC0-301F-11D3-BF4B-00C04F79EFBC}") = "Deve.Tests.Cache", "Tests\Cache\Deve.Tests.Cache.csproj", "{727CE46E-A502-EFA1-EBC8-0C193CBD0F35}"
EndProject
Project("{FAE04EC0-301F-11D3-BF4B-00C04F79EFBC}") = "Deve.Tests.Auth", "Tests\Auth\Deve.Tests.Auth.csproj", "{02602333-5761-592B-E9F8-041A6A491597}"
EndProject
Project("{FAE04EC0-301F-11D3-BF4B-00C04F79EFBC}") = "Deve.Tests.Api", "Tests\Api\Deve.Tests.Api.csproj", "{EE36CA2F-C760-0211-90BA-91D6DC76F64E}"
EndProject
Project("{FAE04EC0-301F-11D3-BF4B-00C04F79EFBC}") = "Deve.Tests.Core", "Tests\Core\Deve.Tests.Core.csproj", "{DC1DBB0A-8B46-5DB3-8F1A-EA75CE09C798}"
EndProject
Project("{FAE04EC0-301F-11D3-BF4B-00C04F79EFBC}") = "Deve.Diagnostics.OpenTelemetry", "Extra\Diagnostics.OpenTelemetry\Deve.Diagnostics.OpenTelemetry.csproj", "{018B5003-CD8C-2E81-8AF2-6A912F729087}"
EndProject
Project("{FAE04EC0-301F-11D3-BF4B-00C04F79EFBC}") = "Deve.Common.Modules", "Common.Modules\Deve.Common.Modules.csproj", "{374FC71E-1DCE-5067-8EF4-2FCC1070349F}"
EndProject
Project("{FAE04EC0-301F-11D3-BF4B-00C04F79EFBC}") = "Deve.Modules.Auth", "Modules\Auth\Deve.Modules.Auth.csproj", "{6998116F-1C66-C41D-D203-20F0F822B832}"
EndProject
Project("{FAE04EC0-301F-11D3-BF4B-00C04F79EFBC}") = "Deve.Modules.Customers", "Modules\Customers\Deve.Modules.Customers.csproj", "{42DF4470-E4D5-5857-EA65-6DCBE5B30975}"
EndProject
Project("{FAE04EC0-301F-11D3-BF4B-00C04F79EFBC}") = "Deve.Modules.Identity", "Modules\Identity\Deve.Modules.Identity.csproj", "{90EF059B-B1E3-4845-098A-72AB5F799132}"
EndProject
Global
	GlobalSection(SolutionConfigurationPlatforms) = preSolution
		Debug|Any CPU = Debug|Any CPU
		Release|Any CPU = Release|Any CPU
	EndGlobalSection
	GlobalSection(ProjectConfigurationPlatforms) = postSolution
		{12D3177A-D3C8-46B0-84E5-189A9BD15221}.Debug|Any CPU.ActiveCfg = Debug|Any CPU
		{12D3177A-D3C8-46B0-84E5-189A9BD15221}.Debug|Any CPU.Build.0 = Debug|Any CPU
		{12D3177A-D3C8-46B0-84E5-189A9BD15221}.Release|Any CPU.ActiveCfg = Release|Any CPU
		{12D3177A-D3C8-46B0-84E5-189A9BD15221}.Release|Any CPU.Build.0 = Release|Any CPU
		{864D7C93-AC13-4D7D-852A-25E2800A051F}.Debug|Any CPU.ActiveCfg = Debug|Any CPU
		{864D7C93-AC13-4D7D-852A-25E2800A051F}.Debug|Any CPU.Build.0 = Debug|Any CPU
		{864D7C93-AC13-4D7D-852A-25E2800A051F}.Release|Any CPU.ActiveCfg = Release|Any CPU
		{864D7C93-AC13-4D7D-852A-25E2800A051F}.Release|Any CPU.Build.0 = Release|Any CPU
		{F30D5FCD-E1B8-4F07-86DF-1CA01737BF31}.Debug|Any CPU.ActiveCfg = Debug|Any CPU
		{F30D5FCD-E1B8-4F07-86DF-1CA01737BF31}.Debug|Any CPU.Build.0 = Debug|Any CPU
		{F30D5FCD-E1B8-4F07-86DF-1CA01737BF31}.Release|Any CPU.ActiveCfg = Release|Any CPU
		{F30D5FCD-E1B8-4F07-86DF-1CA01737BF31}.Release|Any CPU.Build.0 = Release|Any CPU
		{AE7DCACD-5B55-4697-9E15-04E6821A82CA}.Debug|Any CPU.ActiveCfg = Debug|Any CPU
		{AE7DCACD-5B55-4697-9E15-04E6821A82CA}.Debug|Any CPU.Build.0 = Debug|Any CPU
		{AE7DCACD-5B55-4697-9E15-04E6821A82CA}.Release|Any CPU.ActiveCfg = Release|Any CPU
		{AE7DCACD-5B55-4697-9E15-04E6821A82CA}.Release|Any CPU.Build.0 = Release|Any CPU
		{418D5EE3-F875-41A5-936C-318513069FA2}.Debug|Any CPU.ActiveCfg = Debug|Any CPU
		{418D5EE3-F875-41A5-936C-318513069FA2}.Debug|Any CPU.Build.0 = Debug|Any CPU
		{418D5EE3-F875-41A5-936C-318513069FA2}.Release|Any CPU.ActiveCfg = Release|Any CPU
		{418D5EE3-F875-41A5-936C-318513069FA2}.Release|Any CPU.Build.0 = Release|Any CPU
		{0195B30F-83E3-4D83-96DA-084F070CAFA2}.Debug|Any CPU.ActiveCfg = Debug|Any CPU
		{0195B30F-83E3-4D83-96DA-084F070CAFA2}.Debug|Any CPU.Build.0 = Debug|Any CPU
		{0195B30F-83E3-4D83-96DA-084F070CAFA2}.Release|Any CPU.ActiveCfg = Release|Any CPU
		{0195B30F-83E3-4D83-96DA-084F070CAFA2}.Release|Any CPU.Build.0 = Release|Any CPU
		{5A576467-843D-EA10-D916-A167FF446B1B}.Debug|Any CPU.ActiveCfg = Debug|Any CPU
		{5A576467-843D-EA10-D916-A167FF446B1B}.Debug|Any CPU.Build.0 = Debug|Any CPU
		{5A576467-843D-EA10-D916-A167FF446B1B}.Release|Any CPU.ActiveCfg = Release|Any CPU
		{5A576467-843D-EA10-D916-A167FF446B1B}.Release|Any CPU.Build.0 = Release|Any CPU
		{497053AE-3651-898E-67E2-3539FC19C77E}.Debug|Any CPU.ActiveCfg = Debug|Any CPU
		{497053AE-3651-898E-67E2-3539FC19C77E}.Debug|Any CPU.Build.0 = Debug|Any CPU
		{497053AE-3651-898E-67E2-3539FC19C77E}.Release|Any CPU.ActiveCfg = Release|Any CPU
		{497053AE-3651-898E-67E2-3539FC19C77E}.Release|Any CPU.Build.0 = Release|Any CPU
		{5242D704-A7C9-27F9-4F3A-6C23787D1A86}.Debug|Any CPU.ActiveCfg = Debug|Any CPU
		{5242D704-A7C9-27F9-4F3A-6C23787D1A86}.Debug|Any CPU.Build.0 = Debug|Any CPU
		{5242D704-A7C9-27F9-4F3A-6C23787D1A86}.Release|Any CPU.ActiveCfg = Release|Any CPU
		{5242D704-A7C9-27F9-4F3A-6C23787D1A86}.Release|Any CPU.Build.0 = Release|Any CPU
		{09976D83-A58E-B5B5-7D3D-4B1D26460871}.Debug|Any CPU.ActiveCfg = Debug|Any CPU
		{09976D83-A58E-B5B5-7D3D-4B1D26460871}.Debug|Any CPU.Build.0 = Debug|Any CPU
		{09976D83-A58E-B5B5-7D3D-4B1D26460871}.Release|Any CPU.ActiveCfg = Release|Any CPU
		{09976D83-A58E-B5B5-7D3D-4B1D26460871}.Release|Any CPU.Build.0 = Release|Any CPU
		{01705170-30A1-6EC1-B20B-7F54D7E2B3B5}.Debug|Any CPU.ActiveCfg = Debug|Any CPU
		{01705170-30A1-6EC1-B20B-7F54D7E2B3B5}.Debug|Any CPU.Build.0 = Debug|Any CPU
		{01705170-30A1-6EC1-B20B-7F54D7E2B3B5}.Release|Any CPU.ActiveCfg = Release|Any CPU
		{01705170-30A1-6EC1-B20B-7F54D7E2B3B5}.Release|Any CPU.Build.0 = Release|Any CPU
		{836C03B7-B297-25C3-D4AA-58AE8D666368}.Debug|Any CPU.ActiveCfg = Debug|Any CPU
		{836C03B7-B297-25C3-D4AA-58AE8D666368}.Debug|Any CPU.Build.0 = Debug|Any CPU
		{836C03B7-B297-25C3-D4AA-58AE8D666368}.Release|Any CPU.ActiveCfg = Release|Any CPU
		{836C03B7-B297-25C3-D4AA-58AE8D666368}.Release|Any CPU.Build.0 = Release|Any CPU
		{B5CD3A0D-CC7A-9FF7-9662-969C5CCDC143}.Debug|Any CPU.ActiveCfg = Debug|Any CPU
		{B5CD3A0D-CC7A-9FF7-9662-969C5CCDC143}.Debug|Any CPU.Build.0 = Debug|Any CPU
		{B5CD3A0D-CC7A-9FF7-9662-969C5CCDC143}.Release|Any CPU.ActiveCfg = Release|Any CPU
		{B5CD3A0D-CC7A-9FF7-9662-969C5CCDC143}.Release|Any CPU.Build.0 = Release|Any CPU
		{727CE46E-A502-EFA1-EBC8-0C193CBD0F35}.Debug|Any CPU.ActiveCfg = Debug|Any CPU
		{727CE46E-A502-EFA1-EBC8-0C193CBD0F35}.Debug|Any CPU.Build.0 = Debug|Any CPU
		{727CE46E-A502-EFA1-EBC8-0C193CBD0F35}.Release|Any CPU.ActiveCfg = Release|Any CPU
		{727CE46E-A502-EFA1-EBC8-0C193CBD0F35}.Release|Any CPU.Build.0 = Release|Any CPU
		{02602333-5761-592B-E9F8-041A6A491597}.Debug|Any CPU.ActiveCfg = Debug|Any CPU
		{02602333-5761-592B-E9F8-041A6A491597}.Debug|Any CPU.Build.0 = Debug|Any CPU
		{02602333-5761-592B-E9F8-041A6A491597}.Release|Any CPU.ActiveCfg = Release|Any CPU
		{02602333-5761-592B-E9F8-041A6A491597}.Release|Any CPU.Build.0 = Release|Any CPU
		{EE36CA2F-C760-0211-90BA-91D6DC76F64E}.Debug|Any CPU.ActiveCfg = Debug|Any CPU
		{EE36CA2F-C760-0211-90BA-91D6DC76F64E}.Debug|Any CPU.Build.0 = Debug|Any CPU
		{EE36CA2F-C760-0211-90BA-91D6DC76F64E}.Release|Any CPU.ActiveCfg = Release|Any CPU
		{EE36CA2F-C760-0211-90BA-91D6DC76F64E}.Release|Any CPU.Build.0 = Release|Any CPU
		{DC1DBB0A-8B46-5DB3-8F1A-EA75CE09C798}.Debug|Any CPU.ActiveCfg = Debug|Any CPU
		{DC1DBB0A-8B46-5DB3-8F1A-EA75CE09C798}.Debug|Any CPU.Build.0 = Debug|Any CPU
		{DC1DBB0A-8B46-5DB3-8F1A-EA75CE09C798}.Release|Any CPU.ActiveCfg = Release|Any CPU
		{DC1DBB0A-8B46-5DB3-8F1A-EA75CE09C798}.Release|Any CPU.Build.0 = Release|Any CPU
		{018B5003-CD8C-2E81-8AF2-6A912F729087}.Debug|Any CPU.ActiveCfg = Debug|Any CPU
		{018B5003-CD8C-2E81-8AF2-6A912F729087}.Debug|Any CPU.Build.0 = Debug|Any CPU
		{018B5003-CD8C-2E81-8AF2-6A912F729087}.Release|Any CPU.ActiveCfg = Release|Any CPU
		{018B5003-CD8C-2E81-8AF2-6A912F729087}.Release|Any CPU.Build.0 = Release|Any CPU
		{B544D346-D531-EC47-C431-4D8CFC27382B}.Debug|Any CPU.ActiveCfg = Debug|Any CPU
		{B544D346-D531-EC47-C431-4D8CFC27382B}.Debug|Any CPU.Build.0 = Debug|Any CPU
		{B544D346-D531-EC47-C431-4D8CFC27382B}.Release|Any CPU.ActiveCfg = Release|Any CPU
		{B544D346-D531-EC47-C431-4D8CFC27382B}.Release|Any CPU.Build.0 = Release|Any CPU
		{374FC71E-1DCE-5067-8EF4-2FCC1070349F}.Debug|Any CPU.ActiveCfg = Debug|Any CPU
		{374FC71E-1DCE-5067-8EF4-2FCC1070349F}.Debug|Any CPU.Build.0 = Debug|Any CPU
		{374FC71E-1DCE-5067-8EF4-2FCC1070349F}.Release|Any CPU.ActiveCfg = Release|Any CPU
		{374FC71E-1DCE-5067-8EF4-2FCC1070349F}.Release|Any CPU.Build.0 = Release|Any CPU
		{6998116F-1C66-C41D-D203-20F0F822B832}.Debug|Any CPU.ActiveCfg = Debug|Any CPU
		{6998116F-1C66-C41D-D203-20F0F822B832}.Debug|Any CPU.Build.0 = Debug|Any CPU
		{6998116F-1C66-C41D-D203-20F0F822B832}.Release|Any CPU.ActiveCfg = Release|Any CPU
		{6998116F-1C66-C41D-D203-20F0F822B832}.Release|Any CPU.Build.0 = Release|Any CPU
		{42DF4470-E4D5-5857-EA65-6DCBE5B30975}.Debug|Any CPU.ActiveCfg = Debug|Any CPU
		{42DF4470-E4D5-5857-EA65-6DCBE5B30975}.Debug|Any CPU.Build.0 = Debug|Any CPU
		{42DF4470-E4D5-5857-EA65-6DCBE5B30975}.Release|Any CPU.ActiveCfg = Release|Any CPU
		{42DF4470-E4D5-5857-EA65-6DCBE5B30975}.Release|Any CPU.Build.0 = Release|Any CPU
		{90EF059B-B1E3-4845-098A-72AB5F799132}.Debug|Any CPU.ActiveCfg = Debug|Any CPU
		{90EF059B-B1E3-4845-098A-72AB5F799132}.Debug|Any CPU.Build.0 = Debug|Any CPU
		{90EF059B-B1E3-4845-098A-72AB5F799132}.Release|Any CPU.ActiveCfg = Release|Any CPU
		{90EF059B-B1E3-4845-098A-72AB5F799132}.Release|Any CPU.Build.0 = Release|Any CPU
	EndGlobalSection
	GlobalSection(SolutionProperties) = preSolution
		HideSolutionNode = FALSE
	EndGlobalSection
	GlobalSection(NestedProjects) = preSolution
		{AE7DCACD-5B55-4697-9E15-04E6821A82CA} = {9C878286-D428-4DCA-87D9-FC30907879A4}
		{0195B30F-83E3-4D83-96DA-084F070CAFA2} = {9C878286-D428-4DCA-87D9-FC30907879A4}
		{5A576467-843D-EA10-D916-A167FF446B1B} = {9C878286-D428-4DCA-87D9-FC30907879A4}
		{497053AE-3651-898E-67E2-3539FC19C77E} = {9C878286-D428-4DCA-87D9-FC30907879A4}
		{5242D704-A7C9-27F9-4F3A-6C23787D1A86} = {9C878286-D428-4DCA-87D9-FC30907879A4}
		{09976D83-A58E-B5B5-7D3D-4B1D26460871} = {9C878286-D428-4DCA-87D9-FC30907879A4}
		{01705170-30A1-6EC1-B20B-7F54D7E2B3B5} = {9C878286-D428-4DCA-87D9-FC30907879A4}
		{836C03B7-B297-25C3-D4AA-58AE8D666368} = {02EA681E-C7D8-13C7-8484-4AC65E1B71E8}
		{B5CD3A0D-CC7A-9FF7-9662-969C5CCDC143} = {02EA681E-C7D8-13C7-8484-4AC65E1B71E8}
		{727CE46E-A502-EFA1-EBC8-0C193CBD0F35} = {02EA681E-C7D8-13C7-8484-4AC65E1B71E8}
		{02602333-5761-592B-E9F8-041A6A491597} = {02EA681E-C7D8-13C7-8484-4AC65E1B71E8}
		{EE36CA2F-C760-0211-90BA-91D6DC76F64E} = {02EA681E-C7D8-13C7-8484-4AC65E1B71E8}
		{DC1DBB0A-8B46-5DB3-8F1A-EA75CE09C798} = {02EA681E-C7D8-13C7-8484-4AC65E1B71E8}
		{018B5003-CD8C-2E81-8AF2-6A912F729087} = {9C878286-D428-4DCA-87D9-FC30907879A4}
	EndGlobalSection
	GlobalSection(ExtensibilityGlobals) = postSolution
		SolutionGuid = {C8157CD2-E584-4372-9A7B-B73C837733A5}
	EndGlobalSection
EndGlobal
